{
	"name": "hast-util-from-codemirror",
	"version": "0.0.1",
	"lockfileVersion": 2,
	"requires": true,
	"packages": {
		"": {
			"name": "hast-util-from-codemirror",
			"version": "0.0.1",
			"license": "MIT",
			"dependencies": {
				"@codemirror/highlight": "^0.19.6",
				"@lezer/common": "^0.15.7",
				"@types/hast": "^2.3.1"
			},
			"devDependencies": {
				"@codemirror/lang-javascript": "^0.19.2",
				"hast-util-to-html": "^8.0.2",
				"typescript": "^4.3.2"
			}
		},
		"node_modules/@codemirror/autocomplete": {
			"version": "0.19.3",
			"resolved": "https://registry.npmjs.org/@codemirror/autocomplete/-/autocomplete-0.19.3.tgz",
			"integrity": "sha512-5juP6hVrHAogzQ0JUTQuibE8j1seqeGNJ98qLUPuliI6kLBg5INS4qvUI1Brqye+wYPFu7UHqrrn13RLh5YSzw==",
			"dev": true,
			"dependencies": {
				"@codemirror/language": "^0.19.0",
				"@codemirror/state": "^0.19.0",
				"@codemirror/text": "^0.19.2",
				"@codemirror/tooltip": "^0.19.0",
				"@codemirror/view": "^0.19.0",
				"@lezer/common": "^0.15.0"
			}
		},
		"node_modules/@codemirror/highlight": {
			"version": "0.19.6",
			"resolved": "https://registry.npmjs.org/@codemirror/highlight/-/highlight-0.19.6.tgz",
			"integrity": "sha512-+eibu6on9quY8uN3xJ/n3rH+YIDLlpX7YulVmFvqAIz/ukRQ5tWaBmB7fMixHmnmRIRBRZgB8rNtonuMwZSAHQ==",
			"dependencies": {
				"@codemirror/language": "^0.19.0",
				"@codemirror/rangeset": "^0.19.0",
				"@codemirror/state": "^0.19.0",
				"@codemirror/view": "^0.19.0",
				"@lezer/common": "^0.15.0",
				"style-mod": "^4.0.0"
			}
		},
		"node_modules/@codemirror/highlight/node_modules/style-mod": {
			"version": "4.0.0",
			"resolved": "https://registry.npmjs.org/style-mod/-/style-mod-4.0.0.tgz",
			"integrity": "sha512-OPhtyEjyyN9x3nhPsu76f52yUGXiZcgvsrFVtvTkyGRQJ0XK+GPc6ov1z+lRpbeabka+MYEQxOYRnt5nF30aMw=="
		},
		"node_modules/@codemirror/lang-javascript": {
			"version": "0.19.2",
			"resolved": "https://registry.npmjs.org/@codemirror/lang-javascript/-/lang-javascript-0.19.2.tgz",
			"integrity": "sha512-qNFjCSTWOTZ/KusoVx3CxjmNS37DrhVoVO9E1IkrIMVC3tkk8Hs2eA6HNMxT4VGp5O+0yBmf1DE2o5QQSMs0jg==",
			"dev": true,
			"dependencies": {
				"@codemirror/autocomplete": "^0.19.0",
				"@codemirror/highlight": "^0.19.6",
				"@codemirror/language": "^0.19.0",
				"@codemirror/lint": "^0.19.0",
				"@codemirror/state": "^0.19.0",
				"@codemirror/view": "^0.19.0",
				"@lezer/javascript": "^0.15.0"
			}
		},
		"node_modules/@codemirror/language": {
			"version": "0.19.3",
			"resolved": "https://registry.npmjs.org/@codemirror/language/-/language-0.19.3.tgz",
			"integrity": "sha512-6vjkRYHRJg/z9wdAk75nU2fQwCJBsh2HpkIjKXIHfzISSgLt5qSDxVhPd8Uu8PD5WMmFFP8tX7I9kdIt873o0A==",
			"dependencies": {
				"@codemirror/state": "^0.19.0",
				"@codemirror/text": "^0.19.0",
				"@codemirror/view": "^0.19.0",
				"@lezer/common": "^0.15.5",
				"@lezer/lr": "^0.15.0"
			}
		},
		"node_modules/@codemirror/lint": {
			"version": "0.19.2",
			"resolved": "https://registry.npmjs.org/@codemirror/lint/-/lint-0.19.2.tgz",
			"integrity": "sha512-477qvXWwuf24YsBi1DzjrGyzM+qfPe5L4xEHGxQTGOMq6R0+QAFKppOJsxN3y7gzDpLrZSYZdhJzWevOuliZQg==",
			"dev": true,
			"dependencies": {
				"@codemirror/panel": "^0.19.0",
				"@codemirror/state": "^0.19.0",
				"@codemirror/tooltip": "^0.19.0",
				"@codemirror/view": "^0.19.0",
				"crelt": "^1.0.5"
			}
		},
		"node_modules/@codemirror/panel": {
			"version": "0.19.0",
			"resolved": "https://registry.npmjs.org/@codemirror/panel/-/panel-0.19.0.tgz",
			"integrity": "sha512-LJuu49xnuhaAztlhnLJQ57ddOirSyf8/lnl7twsQUG/05RkxodBZ9F7q8r5AOLqOkaQOy9WySEKX1Ur8lD9Q5w==",
			"dev": true,
			"dependencies": {
				"@codemirror/state": "^0.19.0",
				"@codemirror/view": "^0.19.0"
			}
		},
		"node_modules/@codemirror/rangeset": {
			"version": "0.19.1",
			"resolved": "https://registry.npmjs.org/@codemirror/rangeset/-/rangeset-0.19.1.tgz",
			"integrity": "sha512-WaKTEw8JB/3QFlQzpdgRoklopcWvG8O/Xp+rxxOfFKYTaeaejpY/tjpyBBg+Ea65Ka3m7+pPp9d5j/oR2rd9NA==",
			"dependencies": {
				"@codemirror/state": "^0.19.0"
			}
		},
		"node_modules/@codemirror/state": {
			"version": "0.19.2",
			"resolved": "https://registry.npmjs.org/@codemirror/state/-/state-0.19.2.tgz",
			"integrity": "sha512-dDqCrtkb0c/LYUlvQBLyLfkISEskbZnhvBbcVOF4j2AusJ1ptJ3EGMxBL9G16GP1TOdC1T613gA1J1qc3pbfGQ==",
			"dependencies": {
				"@codemirror/text": "^0.19.0"
			}
		},
		"node_modules/@codemirror/text": {
			"version": "0.19.4",
			"resolved": "https://registry.npmjs.org/@codemirror/text/-/text-0.19.4.tgz",
			"integrity": "sha512-Msd1ImS+Mmref28+oyoOrBwqjH4lbCVO/5ol2jRaCEYH7+KaMocxFADZomPLnMPgDW6Gc4mu/K2lj8IjAOFdTA=="
		},
		"node_modules/@codemirror/tooltip": {
			"version": "0.19.2",
			"resolved": "https://registry.npmjs.org/@codemirror/tooltip/-/tooltip-0.19.2.tgz",
			"integrity": "sha512-FMMGGLrr62Ck54NEz8yTGpgo8ihobAsC3sbeQg+OpY4jv9dt1yIP5B9LzsIV+TXQB57JZQZxtTqzkhnFq76haw==",
			"dev": true,
			"dependencies": {
				"@codemirror/state": "^0.19.0",
				"@codemirror/view": "^0.19.0"
			}
		},
		"node_modules/@codemirror/view": {
			"version": "0.19.9",
			"resolved": "https://registry.npmjs.org/@codemirror/view/-/view-0.19.9.tgz",
			"integrity": "sha512-d2Z2rFl53yTwvhsRYtS97xT7ce1f/Q/NNE2uDg/Be1MVjP2v1OlwUTyTosBmxiCt4oUvMklfa+EdPGOATVJhtg==",
			"dependencies": {
				"@codemirror/rangeset": "^0.19.0",
				"@codemirror/state": "^0.19.2",
				"@codemirror/text": "^0.19.0",
				"style-mod": "^4.0.0",
				"w3c-keyname": "^2.2.4"
			}
		},
		"node_modules/@codemirror/view/node_modules/style-mod": {
			"version": "4.0.0",
			"resolved": "https://registry.npmjs.org/style-mod/-/style-mod-4.0.0.tgz",
			"integrity": "sha512-OPhtyEjyyN9x3nhPsu76f52yUGXiZcgvsrFVtvTkyGRQJ0XK+GPc6ov1z+lRpbeabka+MYEQxOYRnt5nF30aMw=="
		},
		"node_modules/@lezer/common": {
			"version": "0.15.7",
			"resolved": "https://registry.npmjs.org/@lezer/common/-/common-0.15.7.tgz",
			"integrity": "sha512-Rw8TDJnBzZnkyzIXs1Tmmd241FrBLJBj8gkdy3y0joGFb8Z4I/joKEsR+gv1pb13o1TMsZxm3fmP+d/wPt2CTQ=="
		},
		"node_modules/@lezer/javascript": {
			"version": "0.15.0",
			"resolved": "https://registry.npmjs.org/@lezer/javascript/-/javascript-0.15.0.tgz",
			"integrity": "sha512-euFjbbyYmxpBls9FyBAKnGLEjaMFqfHvhfueA7M1PitZdieHu8KSblutmcwjpWKIV4eH4uElMZO2cPVe0aFxXA==",
			"dev": true,
			"dependencies": {
				"@lezer/lr": "^0.15.0"
			}
		},
		"node_modules/@lezer/lr": {
			"version": "0.15.4",
			"resolved": "https://registry.npmjs.org/@lezer/lr/-/lr-0.15.4.tgz",
			"integrity": "sha512-vwgG80sihEGJn6wJp6VijXrnzVai/KPva/OzYKaWvIx0IiXKjoMQ8UAwcgpSBwfS4Fbz3IKOX/cCNXU3r1FvpQ==",
			"dependencies": {
				"@lezer/common": "^0.15.0"
			}
		},
		"node_modules/@types/hast": {
			"version": "2.3.4",
			"resolved": "https://registry.npmjs.org/@types/hast/-/hast-2.3.4.tgz",
			"integrity": "sha512-wLEm0QvaoawEDoTRwzTXp4b4jpwiJDvR5KMnFnVodm3scufTlBOWRD6N1OBf9TZMhjlNsSfcO5V+7AF4+Vy+9g==",
			"dependencies": {
				"@types/unist": "*"
			}
		},
		"node_modules/@types/unist": {
			"version": "2.0.6",
			"resolved": "https://registry.npmjs.org/@types/unist/-/unist-2.0.6.tgz",
			"integrity": "sha512-PBjIUxZHOuj0R15/xuwJYjFi+KZdNFrehocChv4g5hu6aFroHue8m0lBP0POdK2nKzbw0cgV1mws8+V/JAcEkQ=="
		},
		"node_modules/ccount": {
			"version": "2.0.0",
			"resolved": "https://registry.npmjs.org/ccount/-/ccount-2.0.0.tgz",
			"integrity": "sha512-VOR0NWFYX65n9gELQdcpqsie5L5ihBXuZGAgaPEp/U7IOSjnPMEH6geE+2f6lcekaNEfWzAHS45mPvSo5bqsUA==",
			"dev": true,
			"funding": {
				"type": "github",
				"url": "https://github.com/sponsors/wooorm"
			}
		},
		"node_modules/character-entities-html4": {
			"version": "2.0.0",
			"resolved": "https://registry.npmjs.org/character-entities-html4/-/character-entities-html4-2.0.0.tgz",
			"integrity": "sha512-dwT2xh5ZhUAjyP96k57ilMKoTQyASaw9IAMR9U5c1lCu2RUni6O6jxfpUEdO2RcPT6TJFvr8pqsbami4Jk+2oA==",
			"dev": true,
			"funding": {
				"type": "github",
				"url": "https://github.com/sponsors/wooorm"
			}
		},
		"node_modules/character-entities-legacy": {
			"version": "2.0.0",
			"resolved": "https://registry.npmjs.org/character-entities-legacy/-/character-entities-legacy-2.0.0.tgz",
			"integrity": "sha512-YwaEtEvWLpFa6Wh3uVLrvirA/ahr9fki/NUd/Bd4OR6EdJ8D22hovYQEOUCBfQfcqnC4IAMGMsHXY1eXgL4ZZA==",
			"dev": true,
			"funding": {
				"type": "github",
				"url": "https://github.com/sponsors/wooorm"
			}
		},
		"node_modules/comma-separated-tokens": {
			"version": "2.0.2",
			"resolved": "https://registry.npmjs.org/comma-separated-tokens/-/comma-separated-tokens-2.0.2.tgz",
			"integrity": "sha512-G5yTt3KQN4Yn7Yk4ed73hlZ1evrFKXeUW3086p3PRFNp7m2vIjI6Pg+Kgb+oyzhd9F2qdcoj67+y3SdxL5XWsg==",
			"dev": true,
			"funding": {
				"type": "github",
				"url": "https://github.com/sponsors/wooorm"
			}
		},
		"node_modules/crelt": {
			"version": "1.0.5",
			"resolved": "https://registry.npmjs.org/crelt/-/crelt-1.0.5.tgz",
			"integrity": "sha512-+BO9wPPi+DWTDcNYhr/W90myha8ptzftZT+LwcmUbbok0rcP/fequmFYCw8NMoH7pkAZQzU78b3kYrlua5a9eA==",
			"dev": true
		},
		"node_modules/hast-util-is-element": {
			"version": "2.1.1",
			"resolved": "https://registry.npmjs.org/hast-util-is-element/-/hast-util-is-element-2.1.1.tgz",
			"integrity": "sha512-ag0fiZfRWsPiR1udvnSbaazJLGv8qd8E+/e3rW8rUZhbKG4HNJmFL4QkEceN+22BgE+uozXY30z/s+2dL6Z++g==",
			"dev": true,
			"dependencies": {
				"@types/hast": "^2.0.0",
				"@types/unist": "^2.0.0"
			},
			"funding": {
				"type": "opencollective",
				"url": "https://opencollective.com/unified"
			}
		},
		"node_modules/hast-util-to-html": {
			"version": "8.0.2",
			"resolved": "https://registry.npmjs.org/hast-util-to-html/-/hast-util-to-html-8.0.2.tgz",
			"integrity": "sha512-ipLhUTMyyJi9F/LXaNDG9BrRdshP6obCfmUZYbE/+T639IdzqAOkKN4DyrEyID0gbb+rsC3PKf0XlviZwzomhw==",
			"dev": true,
			"dependencies": {
				"@types/hast": "^2.0.0",
				"ccount": "^2.0.0",
				"comma-separated-tokens": "^2.0.0",
				"hast-util-is-element": "^2.0.0",
				"hast-util-whitespace": "^2.0.0",
				"html-void-elements": "^2.0.0",
				"property-information": "^6.0.0",
				"space-separated-tokens": "^2.0.0",
				"stringify-entities": "^4.0.0",
				"unist-util-is": "^5.0.0"
			},
			"funding": {
				"type": "opencollective",
				"url": "https://opencollective.com/unified"
			}
		},
		"node_modules/hast-util-whitespace": {
			"version": "2.0.0",
			"resolved": "https://registry.npmjs.org/hast-util-whitespace/-/hast-util-whitespace-2.0.0.tgz",
			"integrity": "sha512-Pkw+xBHuV6xFeJprJe2BBEoDV+AvQySaz3pPDRUs5PNZEMQjpXJJueqrpcHIXxnWTcAGi/UOCgVShlkY6kLoqg==",
			"dev": true,
			"funding": {
				"type": "opencollective",
				"url": "https://opencollective.com/unified"
			}
		},
		"node_modules/html-void-elements": {
			"version": "2.0.0",
			"resolved": "https://registry.npmjs.org/html-void-elements/-/html-void-elements-2.0.0.tgz",
			"integrity": "sha512-4OYzQQsBt0G9bJ/nM9/DDsjm4+fVdzAaPJJcWk5QwA3GIAPxQEeOR0rsI8HbDHQz5Gta8pVvGnnTNSbZVEVvkQ==",
			"dev": true,
			"funding": {
				"type": "github",
				"url": "https://github.com/sponsors/wooorm"
			}
		},
		"node_modules/property-information": {
			"version": "6.0.1",
			"resolved": "https://registry.npmjs.org/property-information/-/property-information-6.0.1.tgz",
			"integrity": "sha512-F4WUUAF7fMeF4/JUFHNBWDaKDXi2jbvqBW/y6o5wsf3j19wTZ7S60TmtB5HoBhtgw7NKQRMWuz5vk2PR0CygUg==",
			"dev": true,
			"funding": {
				"type": "github",
				"url": "https://github.com/sponsors/wooorm"
			}
		},
		"node_modules/space-separated-tokens": {
			"version": "2.0.1",
			"resolved": "https://registry.npmjs.org/space-separated-tokens/-/space-separated-tokens-2.0.1.tgz",
			"integrity": "sha512-ekwEbFp5aqSPKaqeY1PGrlGQxPNaq+Cnx4+bE2D8sciBQrHpbwoBbawqTN2+6jPs9IdWxxiUcN0K2pkczD3zmw==",
			"dev": true,
			"funding": {
				"type": "github",
				"url": "https://github.com/sponsors/wooorm"
			}
		},
		"node_modules/stringify-entities": {
			"version": "4.0.1",
			"resolved": "https://registry.npmjs.org/stringify-entities/-/stringify-entities-4.0.1.tgz",
			"integrity": "sha512-gmMQxKXPWIO3NXNSPyWNhlYcBNGpPA/487D+9dLPnU4xBnIrnHdr8cv5rGJOS/1BRxEXRb7uKwg7BA36IWV7xg==",
			"dev": true,
			"dependencies": {
				"character-entities-html4": "^2.0.0",
				"character-entities-legacy": "^2.0.0"
			},
			"funding": {
				"type": "github",
				"url": "https://github.com/sponsors/wooorm"
			}
		},
		"node_modules/typescript": {
			"version": "4.4.3",
			"resolved": "https://registry.npmjs.org/typescript/-/typescript-4.4.3.tgz",
			"integrity": "sha512-4xfscpisVgqqDfPaJo5vkd+Qd/ItkoagnHpufr+i2QCHBsNYp+G7UAoyFl8aPtx879u38wPV65rZ8qbGZijalA==",
			"dev": true,
			"bin": {
				"tsc": "bin/tsc",
				"tsserver": "bin/tsserver"
			},
			"engines": {
				"node": ">=4.2.0"
			}
		},
		"node_modules/unist-util-is": {
			"version": "5.1.1",
			"resolved": "https://registry.npmjs.org/unist-util-is/-/unist-util-is-5.1.1.tgz",
			"integrity": "sha512-F5CZ68eYzuSvJjGhCLPL3cYx45IxkqXSetCcRgUXtbcm50X2L9oOWQlfUfDdAf+6Pd27YDblBfdtmsThXmwpbQ==",
			"dev": true,
			"funding": {
				"type": "opencollective",
				"url": "https://opencollective.com/unified"
			}
		},
		"node_modules/w3c-keyname": {
			"version": "2.2.4",
			"resolved": "https://registry.npmjs.org/w3c-keyname/-/w3c-keyname-2.2.4.tgz",
			"integrity": "sha512-tOhfEwEzFLJzf6d1ZPkYfGj+FWhIpBux9ppoP3rlclw3Z0BZv3N7b7030Z1kYth+6rDuAsXUFr+d0VE6Ed1ikw=="
		}
	},
	"dependencies": {
		"@codemirror/autocomplete": {
			"version": "0.19.3",
			"resolved": "https://registry.npmjs.org/@codemirror/autocomplete/-/autocomplete-0.19.3.tgz",
			"integrity": "sha512-5juP6hVrHAogzQ0JUTQuibE8j1seqeGNJ98qLUPuliI6kLBg5INS4qvUI1Brqye+wYPFu7UHqrrn13RLh5YSzw==",
			"dev": true,
			"requires": {
				"@codemirror/language": "^0.19.0",
				"@codemirror/state": "^0.19.0",
				"@codemirror/text": "^0.19.2",
				"@codemirror/tooltip": "^0.19.0",
				"@codemirror/view": "^0.19.0",
				"@lezer/common": "^0.15.0"
			}
		},
		"@codemirror/highlight": {
			"version": "0.19.6",
			"resolved": "https://registry.npmjs.org/@codemirror/highlight/-/highlight-0.19.6.tgz",
			"integrity": "sha512-+eibu6on9quY8uN3xJ/n3rH+YIDLlpX7YulVmFvqAIz/ukRQ5tWaBmB7fMixHmnmRIRBRZgB8rNtonuMwZSAHQ==",
			"requires": {
				"@codemirror/language": "^0.19.0",
				"@codemirror/rangeset": "^0.19.0",
				"@codemirror/state": "^0.19.0",
				"@codemirror/view": "^0.19.0",
				"@lezer/common": "^0.15.0",
				"style-mod": "^4.0.0"
			},
			"dependencies": {
				"style-mod": {
					"version": "4.0.0",
					"resolved": "https://registry.npmjs.org/style-mod/-/style-mod-4.0.0.tgz",
					"integrity": "sha512-OPhtyEjyyN9x3nhPsu76f52yUGXiZcgvsrFVtvTkyGRQJ0XK+GPc6ov1z+lRpbeabka+MYEQxOYRnt5nF30aMw=="
				}
			}
		},
		"@codemirror/lang-javascript": {
			"version": "0.19.2",
			"resolved": "https://registry.npmjs.org/@codemirror/lang-javascript/-/lang-javascript-0.19.2.tgz",
			"integrity": "sha512-qNFjCSTWOTZ/KusoVx3CxjmNS37DrhVoVO9E1IkrIMVC3tkk8Hs2eA6HNMxT4VGp5O+0yBmf1DE2o5QQSMs0jg==",
			"dev": true,
			"requires": {
				"@codemirror/autocomplete": "^0.19.0",
				"@codemirror/highlight": "^0.19.6",
				"@codemirror/language": "^0.19.0",
				"@codemirror/lint": "^0.19.0",
				"@codemirror/state": "^0.19.0",
				"@codemirror/view": "^0.19.0",
				"@lezer/javascript": "^0.15.0"
			}
		},
		"@codemirror/language": {
			"version": "0.19.3",
			"resolved": "https://registry.npmjs.org/@codemirror/language/-/language-0.19.3.tgz",
			"integrity": "sha512-6vjkRYHRJg/z9wdAk75nU2fQwCJBsh2HpkIjKXIHfzISSgLt5qSDxVhPd8Uu8PD5WMmFFP8tX7I9kdIt873o0A==",
			"requires": {
				"@codemirror/state": "^0.19.0",
				"@codemirror/text": "^0.19.0",
				"@codemirror/view": "^0.19.0",
				"@lezer/common": "^0.15.5",
				"@lezer/lr": "^0.15.0"
			}
		},
		"@codemirror/lint": {
			"version": "0.19.2",
			"resolved": "https://registry.npmjs.org/@codemirror/lint/-/lint-0.19.2.tgz",
			"integrity": "sha512-477qvXWwuf24YsBi1DzjrGyzM+qfPe5L4xEHGxQTGOMq6R0+QAFKppOJsxN3y7gzDpLrZSYZdhJzWevOuliZQg==",
			"dev": true,
			"requires": {
				"@codemirror/panel": "^0.19.0",
				"@codemirror/state": "^0.19.0",
				"@codemirror/tooltip": "^0.19.0",
				"@codemirror/view": "^0.19.0",
				"crelt": "^1.0.5"
			}
		},
		"@codemirror/panel": {
			"version": "0.19.0",
			"resolved": "https://registry.npmjs.org/@codemirror/panel/-/panel-0.19.0.tgz",
			"integrity": "sha512-LJuu49xnuhaAztlhnLJQ57ddOirSyf8/lnl7twsQUG/05RkxodBZ9F7q8r5AOLqOkaQOy9WySEKX1Ur8lD9Q5w==",
			"dev": true,
			"requires": {
				"@codemirror/state": "^0.19.0",
				"@codemirror/view": "^0.19.0"
			}
		},
		"@codemirror/rangeset": {
			"version": "0.19.1",
			"resolved": "https://registry.npmjs.org/@codemirror/rangeset/-/rangeset-0.19.1.tgz",
			"integrity": "sha512-WaKTEw8JB/3QFlQzpdgRoklopcWvG8O/Xp+rxxOfFKYTaeaejpY/tjpyBBg+Ea65Ka3m7+pPp9d5j/oR2rd9NA==",
			"requires": {
				"@codemirror/state": "^0.19.0"
			}
		},
		"@codemirror/state": {
			"version": "0.19.2",
			"resolved": "https://registry.npmjs.org/@codemirror/state/-/state-0.19.2.tgz",
			"integrity": "sha512-dDqCrtkb0c/LYUlvQBLyLfkISEskbZnhvBbcVOF4j2AusJ1ptJ3EGMxBL9G16GP1TOdC1T613gA1J1qc3pbfGQ==",
			"requires": {
				"@codemirror/text": "^0.19.0"
			}
		},
		"@codemirror/text": {
			"version": "0.19.4",
			"resolved": "https://registry.npmjs.org/@codemirror/text/-/text-0.19.4.tgz",
			"integrity": "sha512-Msd1ImS+Mmref28+oyoOrBwqjH4lbCVO/5ol2jRaCEYH7+KaMocxFADZomPLnMPgDW6Gc4mu/K2lj8IjAOFdTA=="
		},
		"@codemirror/tooltip": {
			"version": "0.19.2",
			"resolved": "https://registry.npmjs.org/@codemirror/tooltip/-/tooltip-0.19.2.tgz",
			"integrity": "sha512-FMMGGLrr62Ck54NEz8yTGpgo8ihobAsC3sbeQg+OpY4jv9dt1yIP5B9LzsIV+TXQB57JZQZxtTqzkhnFq76haw==",
			"dev": true,
			"requires": {
				"@codemirror/state": "^0.19.0",
				"@codemirror/view": "^0.19.0"
			}
		},
		"@codemirror/view": {
			"version": "0.19.9",
			"resolved": "https://registry.npmjs.org/@codemirror/view/-/view-0.19.9.tgz",
			"integrity": "sha512-d2Z2rFl53yTwvhsRYtS97xT7ce1f/Q/NNE2uDg/Be1MVjP2v1OlwUTyTosBmxiCt4oUvMklfa+EdPGOATVJhtg==",
			"requires": {
				"@codemirror/rangeset": "^0.19.0",
				"@codemirror/state": "^0.19.2",
				"@codemirror/text": "^0.19.0",
				"style-mod": "^4.0.0",
				"w3c-keyname": "^2.2.4"
			},
			"dependencies": {
				"style-mod": {
					"version": "4.0.0",
					"resolved": "https://registry.npmjs.org/style-mod/-/style-mod-4.0.0.tgz",
					"integrity": "sha512-OPhtyEjyyN9x3nhPsu76f52yUGXiZcgvsrFVtvTkyGRQJ0XK+GPc6ov1z+lRpbeabka+MYEQxOYRnt5nF30aMw=="
				}
			}
		},
		"@lezer/common": {
			"version": "0.15.7",
			"resolved": "https://registry.npmjs.org/@lezer/common/-/common-0.15.7.tgz",
			"integrity": "sha512-Rw8TDJnBzZnkyzIXs1Tmmd241FrBLJBj8gkdy3y0joGFb8Z4I/joKEsR+gv1pb13o1TMsZxm3fmP+d/wPt2CTQ=="
		},
		"@lezer/javascript": {
			"version": "0.15.0",
			"resolved": "https://registry.npmjs.org/@lezer/javascript/-/javascript-0.15.0.tgz",
			"integrity": "sha512-euFjbbyYmxpBls9FyBAKnGLEjaMFqfHvhfueA7M1PitZdieHu8KSblutmcwjpWKIV4eH4uElMZO2cPVe0aFxXA==",
			"dev": true,
			"requires": {
				"@lezer/lr": "^0.15.0"
			}
		},
		"@lezer/lr": {
			"version": "0.15.4",
			"resolved": "https://registry.npmjs.org/@lezer/lr/-/lr-0.15.4.tgz",
			"integrity": "sha512-vwgG80sihEGJn6wJp6VijXrnzVai/KPva/OzYKaWvIx0IiXKjoMQ8UAwcgpSBwfS4Fbz3IKOX/cCNXU3r1FvpQ==",
			"requires": {
				"@lezer/common": "^0.15.0"
			}
		},
		"@types/hast": {
			"version": "2.3.4",
			"resolved": "https://registry.npmjs.org/@types/hast/-/hast-2.3.4.tgz",
			"integrity": "sha512-wLEm0QvaoawEDoTRwzTXp4b4jpwiJDvR5KMnFnVodm3scufTlBOWRD6N1OBf9TZMhjlNsSfcO5V+7AF4+Vy+9g==",
			"requires": {
				"@types/unist": "*"
			}
		},
		"@types/unist": {
			"version": "2.0.6",
			"resolved": "https://registry.npmjs.org/@types/unist/-/unist-2.0.6.tgz",
			"integrity": "sha512-PBjIUxZHOuj0R15/xuwJYjFi+KZdNFrehocChv4g5hu6aFroHue8m0lBP0POdK2nKzbw0cgV1mws8+V/JAcEkQ=="
		},
		"ccount": {
			"version": "2.0.0",
			"resolved": "https://registry.npmjs.org/ccount/-/ccount-2.0.0.tgz",
			"integrity": "sha512-VOR0NWFYX65n9gELQdcpqsie5L5ihBXuZGAgaPEp/U7IOSjnPMEH6geE+2f6lcekaNEfWzAHS45mPvSo5bqsUA==",
			"dev": true
		},
		"character-entities-html4": {
			"version": "2.0.0",
			"resolved": "https://registry.npmjs.org/character-entities-html4/-/character-entities-html4-2.0.0.tgz",
			"integrity": "sha512-dwT2xh5ZhUAjyP96k57ilMKoTQyASaw9IAMR9U5c1lCu2RUni6O6jxfpUEdO2RcPT6TJFvr8pqsbami4Jk+2oA==",
			"dev": true
		},
		"character-entities-legacy": {
			"version": "2.0.0",
			"resolved": "https://registry.npmjs.org/character-entities-legacy/-/character-entities-legacy-2.0.0.tgz",
			"integrity": "sha512-YwaEtEvWLpFa6Wh3uVLrvirA/ahr9fki/NUd/Bd4OR6EdJ8D22hovYQEOUCBfQfcqnC4IAMGMsHXY1eXgL4ZZA==",
			"dev": true
		},
		"comma-separated-tokens": {
			"version": "2.0.2",
			"resolved": "https://registry.npmjs.org/comma-separated-tokens/-/comma-separated-tokens-2.0.2.tgz",
			"integrity": "sha512-G5yTt3KQN4Yn7Yk4ed73hlZ1evrFKXeUW3086p3PRFNp7m2vIjI6Pg+Kgb+oyzhd9F2qdcoj67+y3SdxL5XWsg==",
			"dev": true
		},
		"crelt": {
			"version": "1.0.5",
			"resolved": "https://registry.npmjs.org/crelt/-/crelt-1.0.5.tgz",
			"integrity": "sha512-+BO9wPPi+DWTDcNYhr/W90myha8ptzftZT+LwcmUbbok0rcP/fequmFYCw8NMoH7pkAZQzU78b3kYrlua5a9eA==",
			"dev": true
		},
		"hast-util-is-element": {
			"version": "2.1.1",
			"resolved": "https://registry.npmjs.org/hast-util-is-element/-/hast-util-is-element-2.1.1.tgz",
			"integrity": "sha512-ag0fiZfRWsPiR1udvnSbaazJLGv8qd8E+/e3rW8rUZhbKG4HNJmFL4QkEceN+22BgE+uozXY30z/s+2dL6Z++g==",
			"dev": true,
			"requires": {
				"@types/hast": "^2.0.0",
				"@types/unist": "^2.0.0"
			}
		},
		"hast-util-to-html": {
			"version": "8.0.2",
			"resolved": "https://registry.npmjs.org/hast-util-to-html/-/hast-util-to-html-8.0.2.tgz",
			"integrity": "sha512-ipLhUTMyyJi9F/LXaNDG9BrRdshP6obCfmUZYbE/+T639IdzqAOkKN4DyrEyID0gbb+rsC3PKf0XlviZwzomhw==",
			"dev": true,
			"requires": {
				"@types/hast": "^2.0.0",
				"ccount": "^2.0.0",
				"comma-separated-tokens": "^2.0.0",
				"hast-util-is-element": "^2.0.0",
				"hast-util-whitespace": "^2.0.0",
				"html-void-elements": "^2.0.0",
				"property-information": "^6.0.0",
				"space-separated-tokens": "^2.0.0",
				"stringify-entities": "^4.0.0",
				"unist-util-is": "^5.0.0"
			}
		},
		"hast-util-whitespace": {
			"version": "2.0.0",
			"resolved": "https://registry.npmjs.org/hast-util-whitespace/-/hast-util-whitespace-2.0.0.tgz",
			"integrity": "sha512-Pkw+xBHuV6xFeJprJe2BBEoDV+AvQySaz3pPDRUs5PNZEMQjpXJJueqrpcHIXxnWTcAGi/UOCgVShlkY6kLoqg==",
			"dev": true
		},
		"html-void-elements": {
			"version": "2.0.0",
			"resolved": "https://registry.npmjs.org/html-void-elements/-/html-void-elements-2.0.0.tgz",
			"integrity": "sha512-4OYzQQsBt0G9bJ/nM9/DDsjm4+fVdzAaPJJcWk5QwA3GIAPxQEeOR0rsI8HbDHQz5Gta8pVvGnnTNSbZVEVvkQ==",
			"dev": true
		},
		"property-information": {
			"version": "6.0.1",
			"resolved": "https://registry.npmjs.org/property-information/-/property-information-6.0.1.tgz",
			"integrity": "sha512-F4WUUAF7fMeF4/JUFHNBWDaKDXi2jbvqBW/y6o5wsf3j19wTZ7S60TmtB5HoBhtgw7NKQRMWuz5vk2PR0CygUg==",
			"dev": true
		},
		"space-separated-tokens": {
			"version": "2.0.1",
			"resolved": "https://registry.npmjs.org/space-separated-tokens/-/space-separated-tokens-2.0.1.tgz",
			"integrity": "sha512-ekwEbFp5aqSPKaqeY1PGrlGQxPNaq+Cnx4+bE2D8sciBQrHpbwoBbawqTN2+6jPs9IdWxxiUcN0K2pkczD3zmw==",
			"dev": true
		},
		"stringify-entities": {
			"version": "4.0.1",
			"resolved": "https://registry.npmjs.org/stringify-entities/-/stringify-entities-4.0.1.tgz",
			"integrity": "sha512-gmMQxKXPWIO3NXNSPyWNhlYcBNGpPA/487D+9dLPnU4xBnIrnHdr8cv5rGJOS/1BRxEXRb7uKwg7BA36IWV7xg==",
			"dev": true,
			"requires": {
				"character-entities-html4": "^2.0.0",
				"character-entities-legacy": "^2.0.0"
			}
		},
		"typescript": {
			"version": "4.4.3",
			"resolved": "https://registry.npmjs.org/typescript/-/typescript-4.4.3.tgz",
			"integrity": "sha512-4xfscpisVgqqDfPaJo5vkd+Qd/ItkoagnHpufr+i2QCHBsNYp+G7UAoyFl8aPtx879u38wPV65rZ8qbGZijalA==",
			"dev": true
		},
		"unist-util-is": {
			"version": "5.1.1",
			"resolved": "https://registry.npmjs.org/unist-util-is/-/unist-util-is-5.1.1.tgz",
			"integrity": "sha512-F5CZ68eYzuSvJjGhCLPL3cYx45IxkqXSetCcRgUXtbcm50X2L9oOWQlfUfDdAf+6Pd27YDblBfdtmsThXmwpbQ==",
			"dev": true
		},
		"w3c-keyname": {
			"version": "2.2.4",
			"resolved": "https://registry.npmjs.org/w3c-keyname/-/w3c-keyname-2.2.4.tgz",
			"integrity": "sha512-tOhfEwEzFLJzf6d1ZPkYfGj+FWhIpBux9ppoP3rlclw3Z0BZv3N7b7030Z1kYth+6rDuAsXUFr+d0VE6Ed1ikw=="
		}
	}
}
