{
	"name": "hast-util-from-lezer",
	"version": "0.0.1",
	"lockfileVersion": 2,
	"requires": true,
	"packages": {
		"": {
			"version": "0.0.1",
			"license": "MIT",
			"dependencies": {
				"@types/hast": "^2.3.1"
			},
			"devDependencies": {
				"@codemirror/next": "*",
				"lezer": "*",
				"typescript": "^4.3.2"
			},
			"peerDependencies": {
				"@codemirror/next": "^0.16.0",
				"lezer": "^0.13.5"
			}
		},
		"node_modules/@codemirror/next": {
			"version": "0.16.0",
			"resolved": "https://registry.npmjs.org/@codemirror/next/-/next-0.16.0.tgz",
			"integrity": "sha512-l45zvRlWL1wBHse8OSCXYIxQbeYaIO/DPcqyzUQQBYYdk/tM8ZaCmDqLS15dvLbN2EFkj8RgURg0srDlO6aYJw==",
			"deprecated": "The mono-package is no longer being upgraded. Use the package names without /next (i.e. @codemirror/view) instead.",
			"dev": true,
			"dependencies": {
				"crelt": "^1.0.5",
				"lezer": "^0.13.0",
				"lezer-cpp": "^0.13.0",
				"lezer-css": "^0.13.0",
				"lezer-html": "^0.13.0",
				"lezer-java": "^0.13.0",
				"lezer-javascript": "^0.13.0",
				"lezer-json": "^0.13.0",
				"lezer-markdown": "^0.13.0",
				"lezer-python": "^0.13.0",
				"lezer-rust": "^0.13.0",
				"lezer-tree": "^0.13.0",
				"lezer-xml": "^0.13.0",
				"style-mod": "^3.2.0",
				"w3c-keyname": "^2.2.4"
			}
		},
		"node_modules/@types/hast": {
			"version": "2.3.1",
			"resolved": "https://registry.npmjs.org/@types/hast/-/hast-2.3.1.tgz",
			"integrity": "sha512-viwwrB+6xGzw+G1eWpF9geV3fnsDgXqHG+cqgiHrvQfDUW5hzhCyV7Sy3UJxhfRFBsgky2SSW33qi/YrIkjX5Q==",
			"dependencies": {
				"@types/unist": "*"
			}
		},
		"node_modules/@types/unist": {
			"version": "2.0.3",
			"resolved": "https://registry.npmjs.org/@types/unist/-/unist-2.0.3.tgz",
			"integrity": "sha512-FvUupuM3rlRsRtCN+fDudtmytGO6iHJuuRKS1Ss0pG5z8oX0diNEw94UEL7hgDbpN94rgaK5R7sWm6RrSkZuAQ=="
		},
		"node_modules/crelt": {
			"version": "1.0.5",
			"resolved": "https://registry.npmjs.org/crelt/-/crelt-1.0.5.tgz",
			"integrity": "sha512-+BO9wPPi+DWTDcNYhr/W90myha8ptzftZT+LwcmUbbok0rcP/fequmFYCw8NMoH7pkAZQzU78b3kYrlua5a9eA==",
			"dev": true
		},
		"node_modules/lezer": {
			"version": "0.13.5",
			"resolved": "https://registry.npmjs.org/lezer/-/lezer-0.13.5.tgz",
			"integrity": "sha512-cAiMQZGUo2BD8mpcz7Nv1TlKzWP7YIdIRrX41CiP5bk5t4GHxskOxWUx2iAOuHlz8dO+ivbuXr0J1bfHsWD+lQ==",
			"dev": true,
			"dependencies": {
				"lezer-tree": "^0.13.2"
			}
		},
		"node_modules/lezer-cpp": {
			"version": "0.13.2",
			"resolved": "https://registry.npmjs.org/lezer-cpp/-/lezer-cpp-0.13.2.tgz",
			"integrity": "sha512-YVlFzs2jkX6nRBu5ivDm1b0pNLmPgQv0rXuLkDZyc+TSdAirtDixANlT00FCOLOGbxIS/1V2Rx5i4/X+lGgOKQ==",
			"dev": true,
			"dependencies": {
				"lezer": "^0.13.0"
			}
		},
		"node_modules/lezer-css": {
			"version": "0.13.1",
			"resolved": "https://registry.npmjs.org/lezer-css/-/lezer-css-0.13.1.tgz",
			"integrity": "sha512-ke56tjG17IZ+EFiY50P2WinjhgZQB7OecRVZmYQbVuwv5iUdLemA4vLjaFsAbgoSg+4pfOms7Ns9nItoJcmFpg==",
			"dev": true,
			"dependencies": {
				"lezer": "^0.13.0"
			}
		},
		"node_modules/lezer-html": {
			"version": "0.13.5",
			"resolved": "https://registry.npmjs.org/lezer-html/-/lezer-html-0.13.5.tgz",
			"integrity": "sha512-xjWhwttVp2NdCzV8BE4Duj/u4iSMf39YRQ+ur93DoiSxfpANA3oc/hduKJr5MB/isph1kQdFy8rIqkl8FtBkCQ==",
			"dev": true,
			"dependencies": {
				"lezer": "^0.13.3"
			}
		},
		"node_modules/lezer-java": {
			"version": "0.13.2",
			"resolved": "https://registry.npmjs.org/lezer-java/-/lezer-java-0.13.2.tgz",
			"integrity": "sha512-+BMv172xMTK5zZK0O3BM8SbQ0NK7Z99O5/QWnwt46j6fTGr79HO4n/nuxzzCmq0mQFcweqV2x3QG/L/6zRb7dQ==",
			"dev": true,
			"dependencies": {
				"lezer": "^0.13.0"
			}
		},
		"node_modules/lezer-javascript": {
			"version": "0.13.4",
			"resolved": "https://registry.npmjs.org/lezer-javascript/-/lezer-javascript-0.13.4.tgz",
			"integrity": "sha512-nhRbeSwPZo2xVYq6TWyUhi/r9j0CFSUpkuA5J992Az2AYZFw2HnGVjixfP43DKufL+npJwSy0qcCcAHFQ2bFOQ==",
			"dev": true,
			"dependencies": {
				"lezer": "^0.13.0"
			}
		},
		"node_modules/lezer-json": {
			"version": "0.13.2",
			"resolved": "https://registry.npmjs.org/lezer-json/-/lezer-json-0.13.2.tgz",
			"integrity": "sha512-J5wc5KpYywJroIQ7A2+bW0e3JiSo2wX4uDgbCni2Ww5bvTD/iV2tvZ0cHBLmMU/p5qS4dD5bAPysSqHMS9eNAg==",
			"dev": true,
			"dependencies": {
				"lezer": "^0.13.0"
			}
		},
		"node_modules/lezer-markdown": {
			"version": "0.13.0",
			"resolved": "https://registry.npmjs.org/lezer-markdown/-/lezer-markdown-0.13.0.tgz",
			"integrity": "sha512-NrWO7skcqqWAr1ui8x1Sh1vMIYlE8re4bpMcno+8/V0zsjPSKgfFqNb9NB9tUK4PJpObJab7+VG1WmCncQrLUg==",
			"dev": true,
			"dependencies": {
				"lezer-html": "^0.13.0",
				"lezer-tree": "^0.13.0"
			}
		},
		"node_modules/lezer-python": {
			"version": "0.13.6",
			"resolved": "https://registry.npmjs.org/lezer-python/-/lezer-python-0.13.6.tgz",
			"integrity": "sha512-cUZSilL3BZ+ssDkvGSOdxfL0ioajEPijWuQ31Z5vAFW8Ons53d5FILYnxRcGhZlwmBnn4cDAtxZyny0K+l6AEw==",
			"dev": true,
			"dependencies": {
				"lezer": "^0.13.2"
			}
		},
		"node_modules/lezer-rust": {
			"version": "0.13.1",
			"resolved": "https://registry.npmjs.org/lezer-rust/-/lezer-rust-0.13.1.tgz",
			"integrity": "sha512-mn27bruCQfgKsyUV4vW/cUcUtZ0TjwNOFR299ZQxfxKSs4UUg0b6Jvu436ROYo5lxquKXf2BQdFWSttMoSlysg==",
			"dev": true,
			"dependencies": {
				"lezer": "^0.13.0"
			}
		},
		"node_modules/lezer-tree": {
			"version": "0.13.2",
			"resolved": "https://registry.npmjs.org/lezer-tree/-/lezer-tree-0.13.2.tgz",
			"integrity": "sha512-15ZxW8TxVNAOkHIo43Iouv4zbSkQQ5chQHBpwXcD2bBFz46RB4jYLEEww5l1V0xyIx9U2clSyyrLes+hAUFrGQ==",
			"dev": true
		},
		"node_modules/lezer-xml": {
			"version": "0.13.4",
			"resolved": "https://registry.npmjs.org/lezer-xml/-/lezer-xml-0.13.4.tgz",
			"integrity": "sha512-mgA6ZfsxBWTG993vkVRonaHaSY4H78IChFI9+H6PiH8mJEG9OP2W1EiZmGbiv32OawF02vWzvTp3Lm3b9P1g9A==",
			"dev": true,
			"dependencies": {
				"lezer": "^0.13.3"
			}
		},
		"node_modules/style-mod": {
			"version": "3.2.2",
			"resolved": "https://registry.npmjs.org/style-mod/-/style-mod-3.2.2.tgz",
			"integrity": "sha512-7X3zF+GjUSQ/opNrzuEOqM+lF+4SOkG5aWxrNw/5rwBrHytsH1Ly8/o9e6Wnqoul2lLT1Pmue63LgiE6mEZAGw==",
			"dev": true
		},
		"node_modules/typescript": {
			"version": "4.3.2",
			"resolved": "https://registry.npmjs.org/typescript/-/typescript-4.3.2.tgz",
			"integrity": "sha512-zZ4hShnmnoVnAHpVHWpTcxdv7dWP60S2FsydQLV8V5PbS3FifjWFFRiHSWpDJahly88PRyV5teTSLoq4eG7mKw==",
			"dev": true,
			"bin": {
				"tsc": "bin/tsc",
				"tsserver": "bin/tsserver"
			},
			"engines": {
				"node": ">=4.2.0"
			}
		},
		"node_modules/w3c-keyname": {
			"version": "2.2.4",
			"resolved": "https://registry.npmjs.org/w3c-keyname/-/w3c-keyname-2.2.4.tgz",
			"integrity": "sha512-tOhfEwEzFLJzf6d1ZPkYfGj+FWhIpBux9ppoP3rlclw3Z0BZv3N7b7030Z1kYth+6rDuAsXUFr+d0VE6Ed1ikw==",
			"dev": true
		}
	},
	"dependencies": {
		"@codemirror/next": {
			"version": "0.16.0",
			"resolved": "https://registry.npmjs.org/@codemirror/next/-/next-0.16.0.tgz",
			"integrity": "sha512-l45zvRlWL1wBHse8OSCXYIxQbeYaIO/DPcqyzUQQBYYdk/tM8ZaCmDqLS15dvLbN2EFkj8RgURg0srDlO6aYJw==",
			"dev": true,
			"requires": {
				"crelt": "^1.0.5",
				"lezer": "^0.13.0",
				"lezer-cpp": "^0.13.0",
				"lezer-css": "^0.13.0",
				"lezer-html": "^0.13.0",
				"lezer-java": "^0.13.0",
				"lezer-javascript": "^0.13.0",
				"lezer-json": "^0.13.0",
				"lezer-markdown": "^0.13.0",
				"lezer-python": "^0.13.0",
				"lezer-rust": "^0.13.0",
				"lezer-tree": "^0.13.0",
				"lezer-xml": "^0.13.0",
				"style-mod": "^3.2.0",
				"w3c-keyname": "^2.2.4"
			}
		},
		"@types/hast": {
			"version": "2.3.1",
			"resolved": "https://registry.npmjs.org/@types/hast/-/hast-2.3.1.tgz",
			"integrity": "sha512-viwwrB+6xGzw+G1eWpF9geV3fnsDgXqHG+cqgiHrvQfDUW5hzhCyV7Sy3UJxhfRFBsgky2SSW33qi/YrIkjX5Q==",
			"requires": {
				"@types/unist": "*"
			}
		},
		"@types/unist": {
			"version": "2.0.3",
			"resolved": "https://registry.npmjs.org/@types/unist/-/unist-2.0.3.tgz",
			"integrity": "sha512-FvUupuM3rlRsRtCN+fDudtmytGO6iHJuuRKS1Ss0pG5z8oX0diNEw94UEL7hgDbpN94rgaK5R7sWm6RrSkZuAQ=="
		},
		"crelt": {
			"version": "1.0.5",
			"resolved": "https://registry.npmjs.org/crelt/-/crelt-1.0.5.tgz",
			"integrity": "sha512-+BO9wPPi+DWTDcNYhr/W90myha8ptzftZT+LwcmUbbok0rcP/fequmFYCw8NMoH7pkAZQzU78b3kYrlua5a9eA==",
			"dev": true
		},
		"lezer": {
			"version": "0.13.5",
			"resolved": "https://registry.npmjs.org/lezer/-/lezer-0.13.5.tgz",
			"integrity": "sha512-cAiMQZGUo2BD8mpcz7Nv1TlKzWP7YIdIRrX41CiP5bk5t4GHxskOxWUx2iAOuHlz8dO+ivbuXr0J1bfHsWD+lQ==",
			"dev": true,
			"requires": {
				"lezer-tree": "^0.13.2"
			}
		},
		"lezer-cpp": {
			"version": "0.13.2",
			"resolved": "https://registry.npmjs.org/lezer-cpp/-/lezer-cpp-0.13.2.tgz",
			"integrity": "sha512-YVlFzs2jkX6nRBu5ivDm1b0pNLmPgQv0rXuLkDZyc+TSdAirtDixANlT00FCOLOGbxIS/1V2Rx5i4/X+lGgOKQ==",
			"dev": true,
			"requires": {
				"lezer": "^0.13.0"
			}
		},
		"lezer-css": {
			"version": "0.13.1",
			"resolved": "https://registry.npmjs.org/lezer-css/-/lezer-css-0.13.1.tgz",
			"integrity": "sha512-ke56tjG17IZ+EFiY50P2WinjhgZQB7OecRVZmYQbVuwv5iUdLemA4vLjaFsAbgoSg+4pfOms7Ns9nItoJcmFpg==",
			"dev": true,
			"requires": {
				"lezer": "^0.13.0"
			}
		},
		"lezer-html": {
			"version": "0.13.5",
			"resolved": "https://registry.npmjs.org/lezer-html/-/lezer-html-0.13.5.tgz",
			"integrity": "sha512-xjWhwttVp2NdCzV8BE4Duj/u4iSMf39YRQ+ur93DoiSxfpANA3oc/hduKJr5MB/isph1kQdFy8rIqkl8FtBkCQ==",
			"dev": true,
			"requires": {
				"lezer": "^0.13.3"
			}
		},
		"lezer-java": {
			"version": "0.13.2",
			"resolved": "https://registry.npmjs.org/lezer-java/-/lezer-java-0.13.2.tgz",
			"integrity": "sha512-+BMv172xMTK5zZK0O3BM8SbQ0NK7Z99O5/QWnwt46j6fTGr79HO4n/nuxzzCmq0mQFcweqV2x3QG/L/6zRb7dQ==",
			"dev": true,
			"requires": {
				"lezer": "^0.13.0"
			}
		},
		"lezer-javascript": {
			"version": "0.13.4",
			"resolved": "https://registry.npmjs.org/lezer-javascript/-/lezer-javascript-0.13.4.tgz",
			"integrity": "sha512-nhRbeSwPZo2xVYq6TWyUhi/r9j0CFSUpkuA5J992Az2AYZFw2HnGVjixfP43DKufL+npJwSy0qcCcAHFQ2bFOQ==",
			"dev": true,
			"requires": {
				"lezer": "^0.13.0"
			}
		},
		"lezer-json": {
			"version": "0.13.2",
			"resolved": "https://registry.npmjs.org/lezer-json/-/lezer-json-0.13.2.tgz",
			"integrity": "sha512-J5wc5KpYywJroIQ7A2+bW0e3JiSo2wX4uDgbCni2Ww5bvTD/iV2tvZ0cHBLmMU/p5qS4dD5bAPysSqHMS9eNAg==",
			"dev": true,
			"requires": {
				"lezer": "^0.13.0"
			}
		},
		"lezer-markdown": {
			"version": "0.13.0",
			"resolved": "https://registry.npmjs.org/lezer-markdown/-/lezer-markdown-0.13.0.tgz",
			"integrity": "sha512-NrWO7skcqqWAr1ui8x1Sh1vMIYlE8re4bpMcno+8/V0zsjPSKgfFqNb9NB9tUK4PJpObJab7+VG1WmCncQrLUg==",
			"dev": true,
			"requires": {
				"lezer-html": "^0.13.0",
				"lezer-tree": "^0.13.0"
			}
		},
		"lezer-python": {
			"version": "0.13.6",
			"resolved": "https://registry.npmjs.org/lezer-python/-/lezer-python-0.13.6.tgz",
			"integrity": "sha512-cUZSilL3BZ+ssDkvGSOdxfL0ioajEPijWuQ31Z5vAFW8Ons53d5FILYnxRcGhZlwmBnn4cDAtxZyny0K+l6AEw==",
			"dev": true,
			"requires": {
				"lezer": "^0.13.2"
			}
		},
		"lezer-rust": {
			"version": "0.13.1",
			"resolved": "https://registry.npmjs.org/lezer-rust/-/lezer-rust-0.13.1.tgz",
			"integrity": "sha512-mn27bruCQfgKsyUV4vW/cUcUtZ0TjwNOFR299ZQxfxKSs4UUg0b6Jvu436ROYo5lxquKXf2BQdFWSttMoSlysg==",
			"dev": true,
			"requires": {
				"lezer": "^0.13.0"
			}
		},
		"lezer-tree": {
			"version": "0.13.2",
			"resolved": "https://registry.npmjs.org/lezer-tree/-/lezer-tree-0.13.2.tgz",
			"integrity": "sha512-15ZxW8TxVNAOkHIo43Iouv4zbSkQQ5chQHBpwXcD2bBFz46RB4jYLEEww5l1V0xyIx9U2clSyyrLes+hAUFrGQ==",
			"dev": true
		},
		"lezer-xml": {
			"version": "0.13.4",
			"resolved": "https://registry.npmjs.org/lezer-xml/-/lezer-xml-0.13.4.tgz",
			"integrity": "sha512-mgA6ZfsxBWTG993vkVRonaHaSY4H78IChFI9+H6PiH8mJEG9OP2W1EiZmGbiv32OawF02vWzvTp3Lm3b9P1g9A==",
			"dev": true,
			"requires": {
				"lezer": "^0.13.3"
			}
		},
		"style-mod": {
			"version": "3.2.2",
			"resolved": "https://registry.npmjs.org/style-mod/-/style-mod-3.2.2.tgz",
			"integrity": "sha512-7X3zF+GjUSQ/opNrzuEOqM+lF+4SOkG5aWxrNw/5rwBrHytsH1Ly8/o9e6Wnqoul2lLT1Pmue63LgiE6mEZAGw==",
			"dev": true
		},
		"typescript": {
			"version": "4.3.2",
			"resolved": "https://registry.npmjs.org/typescript/-/typescript-4.3.2.tgz",
			"integrity": "sha512-zZ4hShnmnoVnAHpVHWpTcxdv7dWP60S2FsydQLV8V5PbS3FifjWFFRiHSWpDJahly88PRyV5teTSLoq4eG7mKw==",
			"dev": true
		},
		"w3c-keyname": {
			"version": "2.2.4",
			"resolved": "https://registry.npmjs.org/w3c-keyname/-/w3c-keyname-2.2.4.tgz",
			"integrity": "sha512-tOhfEwEzFLJzf6d1ZPkYfGj+FWhIpBux9ppoP3rlclw3Z0BZv3N7b7030Z1kYth+6rDuAsXUFr+d0VE6Ed1ikw==",
			"dev": true
		}
	}
}
